
Microsoft Visual Studio Solution File, Format Version 12.00
# Visual Studio Version 17
VisualStudioVersion = 17.13.35825.156
MinimumVisualStudioVersion = 10.0.40219.1
Project("{FAE04EC0-301F-11D3-BF4B-00C04F79EFBC}") = "PruebaASP", "PruebaASP\PruebaASP.csproj", "{19331811-9D23-47FA-8638-7854D4A59AB2}"
EndProject
Project("{FAE04EC0-301F-11D3-BF4B-00C04F79EFBC}") = "TestASP", "TestASP\TestASP.csproj", "{CED5F987-ECAB-4EAF-BFF3-A089E9BC104A}"
EndProject
Global
	GlobalSection(SolutionConfigurationPlatforms) = preSolution
		Debug|Any CPU = Debug|Any CPU
		Release|Any CPU = Release|Any CPU
	EndGlobalSection
	GlobalSection(ProjectConfigurationPlatforms) = postSolution
		{19331811-9D23-47FA-8638-7854D4A59AB2}.Debug|Any CPU.ActiveCfg = Debug|Any CPU
		{19331811-9D23-47FA-8638-7854D4A59AB2}.Debug|Any CPU.Build.0 = Debug|Any CPU
		{19331811-9D23-47FA-8638-7854D4A59AB2}.Release|Any CPU.ActiveCfg = Release|Any CPU
		{19331811-9D23-47FA-8638-7854D4A59AB2}.Release|Any CPU.Build.0 = Release|Any CPU
		{CED5F987-ECAB-4EAF-BFF3-A089E9BC104A}.Debug|Any CPU.ActiveCfg = Debug|Any CPU
		{CED5F987-ECAB-4EAF-BFF3-A089E9BC104A}.Debug|Any CPU.Build.0 = Debug|Any CPU
		{CED5F987-ECAB-4EAF-BFF3-A089E9BC104A}.Release|Any CPU.ActiveCfg = Release|Any CPU
		{CED5F987-ECAB-4EAF-BFF3-A089E9BC104A}.Release|Any CPU.Build.0 = Release|Any CPU
	EndGlobalSection
	GlobalSection(SolutionProperties) = preSolution
		HideSolutionNode = FALSE
	EndGlobalSection
	GlobalSection(ExtensibilityGlobals) = postSolution
		SolutionGuid = {8D745B10-7563-4A52-B4CA-8A117974C324}
	EndGlobalSection
EndGlobal
